
Microsoft Visual Studio Solution File, Format Version 12.00
# Visual Studio Version 17
VisualStudioVersion = 17.11.35312.102
MinimumVisualStudioVersion = 10.0.40219.1
Project("{9A19103F-16F7-4668-BE54-9A1E7A4F7556}") = "UserRegistrationAPI", "UserRegistrationAPI\UserRegistrationAPI.csproj", "{A7A3DF77-3AAD-44AC-A6E4-D6CFB81664A4}"
EndProject
Global
	GlobalSection(SolutionConfigurationPlatforms) = preSolution
		Debug|Any CPU = Debug|Any CPU
		Release|Any CPU = Release|Any CPU
	EndGlobalSection
	GlobalSection(ProjectConfigurationPlatforms) = postSolution
		{A7A3DF77-3AAD-44AC-A6E4-D6CFB81664A4}.Debug|Any CPU.ActiveCfg = Debug|Any CPU
		{A7A3DF77-3AAD-44AC-A6E4-D6CFB81664A4}.Debug|Any CPU.Build.0 = Debug|Any CPU
		{A7A3DF77-3AAD-44AC-A6E4-D6CFB81664A4}.Release|Any CPU.ActiveCfg = Release|Any CPU
		{A7A3DF77-3AAD-44AC-A6E4-D6CFB81664A4}.Release|Any CPU.Build.0 = Release|Any CPU
	EndGlobalSection
	GlobalSection(SolutionProperties) = preSolution
		HideSolutionNode = FALSE
	EndGlobalSection
	GlobalSection(ExtensibilityGlobals) = postSolution
		SolutionGuid = {649F8668-73AD-4E10-9FE8-65E3A00792D2}
	EndGlobalSection
EndGlobal
